
Microsoft Visual Studio Solution File, Format Version 12.00
# Visual Studio Version 17
VisualStudioVersion = 17.0.32112.339
MinimumVisualStudioVersion = 10.0.40219.1
Project("{9A19103F-16F7-4668-BE54-9A1E7A4F7556}") = "CRM.UI", "CRM.UI\CRM.UI.csproj", "{8202E943-8F20-4806-903B-5F8EB2B68E63}"
EndProject
Project("{9A19103F-16F7-4668-BE54-9A1E7A4F7556}") = "Common", "Common\Common.csproj", "{449255D1-D13B-4D90-8624-FE8F5C565571}"
EndProject
Project("{9A19103F-16F7-4668-BE54-9A1E7A4F7556}") = "CRM.Domain", "CRM.Domain\CRM.Domain.csproj", "{F6099101-3CBB-40F3-AD06-FAC34A3C0FC1}"
EndProject
Project("{9A19103F-16F7-4668-BE54-9A1E7A4F7556}") = "CRM.Infrastructure", "CRM.Infrastructure\CRM.Infrastructure.csproj", "{2D2A1BFB-A976-4DC8-B99E-29DEF167981E}"
EndProject
Project("{9A19103F-16F7-4668-BE54-9A1E7A4F7556}") = "CRM.Application", "CRM.Application\CRM.Application.csproj", "{547D3AAC-7EBF-4FF9-AE37-B792FCDF52FD}"
EndProject
Global
	GlobalSection(SolutionConfigurationPlatforms) = preSolution
		Debug|Any CPU = Debug|Any CPU
		Release|Any CPU = Release|Any CPU
	EndGlobalSection
	GlobalSection(ProjectConfigurationPlatforms) = postSolution
		{8202E943-8F20-4806-903B-5F8EB2B68E63}.Debug|Any CPU.ActiveCfg = Debug|Any CPU
		{8202E943-8F20-4806-903B-5F8EB2B68E63}.Debug|Any CPU.Build.0 = Debug|Any CPU
		{8202E943-8F20-4806-903B-5F8EB2B68E63}.Release|Any CPU.ActiveCfg = Release|Any CPU
		{8202E943-8F20-4806-903B-5F8EB2B68E63}.Release|Any CPU.Build.0 = Release|Any CPU
		{449255D1-D13B-4D90-8624-FE8F5C565571}.Debug|Any CPU.ActiveCfg = Debug|Any CPU
		{449255D1-D13B-4D90-8624-FE8F5C565571}.Debug|Any CPU.Build.0 = Debug|Any CPU
		{449255D1-D13B-4D90-8624-FE8F5C565571}.Release|Any CPU.ActiveCfg = Release|Any CPU
		{449255D1-D13B-4D90-8624-FE8F5C565571}.Release|Any CPU.Build.0 = Release|Any CPU
		{F6099101-3CBB-40F3-AD06-FAC34A3C0FC1}.Debug|Any CPU.ActiveCfg = Debug|Any CPU
		{F6099101-3CBB-40F3-AD06-FAC34A3C0FC1}.Debug|Any CPU.Build.0 = Debug|Any CPU
		{F6099101-3CBB-40F3-AD06-FAC34A3C0FC1}.Release|Any CPU.ActiveCfg = Release|Any CPU
		{F6099101-3CBB-40F3-AD06-FAC34A3C0FC1}.Release|Any CPU.Build.0 = Release|Any CPU
		{2D2A1BFB-A976-4DC8-B99E-29DEF167981E}.Debug|Any CPU.ActiveCfg = Debug|Any CPU
		{2D2A1BFB-A976-4DC8-B99E-29DEF167981E}.Debug|Any CPU.Build.0 = Debug|Any CPU
		{2D2A1BFB-A976-4DC8-B99E-29DEF167981E}.Release|Any CPU.ActiveCfg = Release|Any CPU
		{2D2A1BFB-A976-4DC8-B99E-29DEF167981E}.Release|Any CPU.Build.0 = Release|Any CPU
		{547D3AAC-7EBF-4FF9-AE37-B792FCDF52FD}.Debug|Any CPU.ActiveCfg = Debug|Any CPU
		{547D3AAC-7EBF-4FF9-AE37-B792FCDF52FD}.Debug|Any CPU.Build.0 = Debug|Any CPU
		{547D3AAC-7EBF-4FF9-AE37-B792FCDF52FD}.Release|Any CPU.ActiveCfg = Release|Any CPU
		{547D3AAC-7EBF-4FF9-AE37-B792FCDF52FD}.Release|Any CPU.Build.0 = Release|Any CPU
	EndGlobalSection
	GlobalSection(SolutionProperties) = preSolution
		HideSolutionNode = FALSE
	EndGlobalSection
	GlobalSection(ExtensibilityGlobals) = postSolution
		SolutionGuid = {8B0C60AB-F404-43D8-9FD1-525518469AB8}
	EndGlobalSection
EndGlobal
